
Microsoft Visual Studio Solution File, Format Version 12.00
# Visual Studio Version 16
VisualStudioVersion = 16.0.32901.82
MinimumVisualStudioVersion = 10.0.40219.1
Project("{9A19103F-16F7-4668-BE54-9A1E7A4F7556}") = "Cab-301-ass1", "Cab-320-ass1\Cab-301-ass1.csproj", "{7C4B2BD5-C0B5-47EF-B013-61C769E7E4B6}"
EndProject
Global
	GlobalSection(SolutionConfigurationPlatforms) = preSolution
		Debug|Any CPU = Debug|Any CPU
		Release|Any CPU = Release|Any CPU
	EndGlobalSection
	GlobalSection(ProjectConfigurationPlatforms) = postSolution
		{7C4B2BD5-C0B5-47EF-B013-61C769E7E4B6}.Debug|Any CPU.ActiveCfg = Debug|Any CPU
		{7C4B2BD5-C0B5-47EF-B013-61C769E7E4B6}.Debug|Any CPU.Build.0 = Debug|Any CPU
		{7C4B2BD5-C0B5-47EF-B013-61C769E7E4B6}.Release|Any CPU.ActiveCfg = Release|Any CPU
		{7C4B2BD5-C0B5-47EF-B013-61C769E7E4B6}.Release|Any CPU.Build.0 = Release|Any CPU
	EndGlobalSection
	GlobalSection(SolutionProperties) = preSolution
		HideSolutionNode = FALSE
	EndGlobalSection
	GlobalSection(ExtensibilityGlobals) = postSolution
		SolutionGuid = {AC17F9B9-76CF-44AA-8FF3-5F1442D90549}
	EndGlobalSection
EndGlobal
